
Microsoft Visual Studio Solution File, Format Version 12.00
# Visual Studio 14
VisualStudioVersion = 14.0.25420.1
MinimumVisualStudioVersion = 10.0.40219.1
Project("{FAE04EC0-301F-11D3-BF4B-00C04F79EFBC}") = "SuperMarketPricingUnitTest", "SuperMarketPricingUnitTest\SuperMarketPricingUnitTest.csproj", "{95A29DA8-BC5D-424F-8527-D533DF4DBAF8}"
EndProject
Project("{FAE04EC0-301F-11D3-BF4B-00C04F79EFBC}") = "SuperMarketProject", "SuperMarketProject\SuperMarketProject.csproj", "{53983783-2A03-44D6-B204-E30C8BE71DB1}"
EndProject
Global
	GlobalSection(SolutionConfigurationPlatforms) = preSolution
		Debug|Any CPU = Debug|Any CPU
		Release|Any CPU = Release|Any CPU
	EndGlobalSection
	GlobalSection(ProjectConfigurationPlatforms) = postSolution
		{95A29DA8-BC5D-424F-8527-D533DF4DBAF8}.Debug|Any CPU.ActiveCfg = Debug|Any CPU
		{95A29DA8-BC5D-424F-8527-D533DF4DBAF8}.Debug|Any CPU.Build.0 = Debug|Any CPU
		{95A29DA8-BC5D-424F-8527-D533DF4DBAF8}.Release|Any CPU.ActiveCfg = Release|Any CPU
		{95A29DA8-BC5D-424F-8527-D533DF4DBAF8}.Release|Any CPU.Build.0 = Release|Any CPU
		{53983783-2A03-44D6-B204-E30C8BE71DB1}.Debug|Any CPU.ActiveCfg = Debug|Any CPU
		{53983783-2A03-44D6-B204-E30C8BE71DB1}.Debug|Any CPU.Build.0 = Debug|Any CPU
		{53983783-2A03-44D6-B204-E30C8BE71DB1}.Release|Any CPU.ActiveCfg = Release|Any CPU
		{53983783-2A03-44D6-B204-E30C8BE71DB1}.Release|Any CPU.Build.0 = Release|Any CPU
	EndGlobalSection
	GlobalSection(SolutionProperties) = preSolution
		HideSolutionNode = FALSE
	EndGlobalSection
EndGlobal
